// !$*UTF8*$!
{
	archiveVersion = 1;
	classes = {
	};
	objectVersion = 46;
	objects = {

/* Begin PBXBuildFile section */
		4D1CB76914501A2A00F8F9F0 /* AlbumArtSearch.m in Sources */ = {isa = PBXBuildFile; fileRef = 4D1CB76814501A2A00F8F9F0 /* AlbumArtSearch.m */; };
		4D62891D144BD83700E66BD7 /* UIKit.framework in Frameworks */ = {isa = PBXBuildFile; fileRef = 4D62891C144BD83700E66BD7 /* UIKit.framework */; };
		4D62891F144BD83700E66BD7 /* Foundation.framework in Frameworks */ = {isa = PBXBuildFile; fileRef = 4D62891E144BD83700E66BD7 /* Foundation.framework */; };
		4D628921144BD83700E66BD7 /* CoreGraphics.framework in Frameworks */ = {isa = PBXBuildFile; fileRef = 4D628920144BD83700E66BD7 /* CoreGraphics.framework */; };
		4D628923144BD83700E66BD7 /* CoreData.framework in Frameworks */ = {isa = PBXBuildFile; fileRef = 4D628922144BD83700E66BD7 /* CoreData.framework */; };
		4D628929144BD83700E66BD7 /* InfoPlist.strings in Resources */ = {isa = PBXBuildFile; fileRef = 4D628927144BD83700E66BD7 /* InfoPlist.strings */; };
		4D62892B144BD83700E66BD7 /* main.m in Sources */ = {isa = PBXBuildFile; fileRef = 4D62892A144BD83700E66BD7 /* main.m */; };
		4D62892F144BD83700E66BD7 /* AppDelegate.m in Sources */ = {isa = PBXBuildFile; fileRef = 4D62892E144BD83700E66BD7 /* AppDelegate.m */; };
		4D628932144BD83700E66BD7 /* Vox.xcdatamodeld in Sources */ = {isa = PBXBuildFile; fileRef = 4D628930144BD83700E66BD7 /* Vox.xcdatamodeld */; };
		4D62893D144C0A1000E66BD7 /* Storyboard.storyboard in Resources */ = {isa = PBXBuildFile; fileRef = 4D62893C144C0A1000E66BD7 /* Storyboard.storyboard */; };
		4D628940144C0AFC00E66BD7 /* SongsViewController.m in Sources */ = {isa = PBXBuildFile; fileRef = 4D62893F144C0AFC00E66BD7 /* SongsViewController.m */; };
		4D628943144C0BA300E66BD7 /* LyricsViewController.m in Sources */ = {isa = PBXBuildFile; fileRef = 4D628942144C0BA300E66BD7 /* LyricsViewController.m */; };
		4D628946144C114600E66BD7 /* Artist.m in Sources */ = {isa = PBXBuildFile; fileRef = 4D628945144C114600E66BD7 /* Artist.m */; };
		4D628949144C114600E66BD7 /* Song.m in Sources */ = {isa = PBXBuildFile; fileRef = 4D628948144C114600E66BD7 /* Song.m */; };
		4D62894C144C11EA00E66BD7 /* SongCell.m in Sources */ = {isa = PBXBuildFile; fileRef = 4D62894B144C11EA00E66BD7 /* SongCell.m */; };
		4D628953144C220800E66BD7 /* AlbumPlaceholder.png in Resources */ = {isa = PBXBuildFile; fileRef = 4D628951144C220800E66BD7 /* AlbumPlaceholder.png */; };
		4D628954144C220800E66BD7 /* TextSizeButton.png in Resources */ = {isa = PBXBuildFile; fileRef = 4D628952144C220800E66BD7 /* TextSizeButton.png */; };
		4D628957144C382A00E66BD7 /* EditSongViewController.m in Sources */ = {isa = PBXBuildFile; fileRef = 4D628956144C382A00E66BD7 /* EditSongViewController.m */; };
		4D62895A144C3A8900E66BD7 /* NSManagedObject+IsNew.m in Sources */ = {isa = PBXBuildFile; fileRef = 4D628959144C3A8900E66BD7 /* NSManagedObject+IsNew.m */; };
		4DAB4CA6144FE10E00AD4EAF /* ArtistsViewController.m in Sources */ = {isa = PBXBuildFile; fileRef = 4DAB4CA5144FE10E00AD4EAF /* ArtistsViewController.m */; };
		4DB70C1B144FD2E800C73691 /* PlaceholderTextView.m in Sources */ = {isa = PBXBuildFile; fileRef = 4DB70C1A144FD2E700C73691 /* PlaceholderTextView.m */; };
/* End PBXBuildFile section */

/* Begin PBXFileReference section */
		4D1CB76714501A2A00F8F9F0 /* AlbumArtSearch.h */ = {isa = PBXFileReference; fileEncoding = 4; lastKnownFileType = sourcecode.c.h; path = AlbumArtSearch.h; sourceTree = "<group>"; };
		4D1CB76814501A2A00F8F9F0 /* AlbumArtSearch.m */ = {isa = PBXFileReference; fileEncoding = 4; lastKnownFileType = sourcecode.c.objc; path = AlbumArtSearch.m; sourceTree = "<group>"; };
		4D628918144BD83700E66BD7 /* Vox.app */ = {isa = PBXFileReference; explicitFileType = wrapper.application; includeInIndex = 0; path = Vox.app; sourceTree = BUILT_PRODUCTS_DIR; };
		4D62891C144BD83700E66BD7 /* UIKit.framework */ = {isa = PBXFileReference; lastKnownFileType = wrapper.framework; name = UIKit.framework; path = System/Library/Frameworks/UIKit.framework; sourceTree = SDKROOT; };
		4D62891E144BD83700E66BD7 /* Foundation.framework */ = {isa = PBXFileReference; lastKnownFileType = wrapper.framework; name = Foundation.framework; path = System/Library/Frameworks/Foundation.framework; sourceTree = SDKROOT; };
		4D628920144BD83700E66BD7 /* CoreGraphics.framework */ = {isa = PBXFileReference; lastKnownFileType = wrapper.framework; name = CoreGraphics.framework; path = System/Library/Frameworks/CoreGraphics.framework; sourceTree = SDKROOT; };
		4D628922144BD83700E66BD7 /* CoreData.framework */ = {isa = PBXFileReference; lastKnownFileType = wrapper.framework; name = CoreData.framework; path = System/Library/Frameworks/CoreData.framework; sourceTree = SDKROOT; };
		4D628926144BD83700E66BD7 /* Vox-Info.plist */ = {isa = PBXFileReference; lastKnownFileType = text.plist.xml; path = "Vox-Info.plist"; sourceTree = "<group>"; };
		4D628928144BD83700E66BD7 /* en */ = {isa = PBXFileReference; lastKnownFileType = text.plist.strings; name = en; path = en.lproj/InfoPlist.strings; sourceTree = "<group>"; };
		4D62892A144BD83700E66BD7 /* main.m */ = {isa = PBXFileReference; lastKnownFileType = sourcecode.c.objc; path = main.m; sourceTree = "<group>"; };
		4D62892C144BD83700E66BD7 /* Vox-Prefix.pch */ = {isa = PBXFileReference; lastKnownFileType = sourcecode.c.h; path = "Vox-Prefix.pch"; sourceTree = "<group>"; };
		4D62892D144BD83700E66BD7 /* AppDelegate.h */ = {isa = PBXFileReference; lastKnownFileType = sourcecode.c.h; path = AppDelegate.h; sourceTree = "<group>"; };
		4D62892E144BD83700E66BD7 /* AppDelegate.m */ = {isa = PBXFileReference; lastKnownFileType = sourcecode.c.objc; path = AppDelegate.m; sourceTree = "<group>"; };
		4D628931144BD83700E66BD7 /* Vox.xcdatamodel */ = {isa = PBXFileReference; lastKnownFileType = wrapper.xcdatamodel; path = Vox.xcdatamodel; sourceTree = "<group>"; };
		4D62893C144C0A1000E66BD7 /* Storyboard.storyboard */ = {isa = PBXFileReference; fileEncoding = 4; lastKnownFileType = file.storyboard; path = Storyboard.storyboard; sourceTree = "<group>"; };
		4D62893E144C0AFC00E66BD7 /* SongsViewController.h */ = {isa = PBXFileReference; fileEncoding = 4; lastKnownFileType = sourcecode.c.h; path = SongsViewController.h; sourceTree = "<group>"; };
		4D62893F144C0AFC00E66BD7 /* SongsViewController.m */ = {isa = PBXFileReference; fileEncoding = 4; lastKnownFileType = sourcecode.c.objc; path = SongsViewController.m; sourceTree = "<group>"; };
		4D628941144C0BA300E66BD7 /* LyricsViewController.h */ = {isa = PBXFileReference; fileEncoding = 4; lastKnownFileType = sourcecode.c.h; path = LyricsViewController.h; sourceTree = "<group>"; };
		4D628942144C0BA300E66BD7 /* LyricsViewController.m */ = {isa = PBXFileReference; fileEncoding = 4; lastKnownFileType = sourcecode.c.objc; path = LyricsViewController.m; sourceTree = "<group>"; };
		4D628944144C114600E66BD7 /* Artist.h */ = {isa = PBXFileReference; fileEncoding = 4; lastKnownFileType = sourcecode.c.h; path = Artist.h; sourceTree = "<group>"; };
		4D628945144C114600E66BD7 /* Artist.m */ = {isa = PBXFileReference; fileEncoding = 4; lastKnownFileType = sourcecode.c.objc; path = Artist.m; sourceTree = "<group>"; };
		4D628947144C114600E66BD7 /* Song.h */ = {isa = PBXFileReference; fileEncoding = 4; lastKnownFileType = sourcecode.c.h; path = Song.h; sourceTree = "<group>"; };
		4D628948144C114600E66BD7 /* Song.m */ = {isa = PBXFileReference; fileEncoding = 4; lastKnownFileType = sourcecode.c.objc; path = Song.m; sourceTree = "<group>"; };
		4D62894A144C11EA00E66BD7 /* SongCell.h */ = {isa = PBXFileReference; fileEncoding = 4; lastKnownFileType = sourcecode.c.h; path = SongCell.h; sourceTree = "<group>"; };
		4D62894B144C11EA00E66BD7 /* SongCell.m */ = {isa = PBXFileReference; fileEncoding = 4; lastKnownFileType = sourcecode.c.objc; path = SongCell.m; sourceTree = "<group>"; };
		4D628951144C220800E66BD7 /* AlbumPlaceholder.png */ = {isa = PBXFileReference; lastKnownFileType = image.png; path = AlbumPlaceholder.png; sourceTree = "<group>"; };
		4D628952144C220800E66BD7 /* TextSizeButton.png */ = {isa = PBXFileReference; lastKnownFileType = image.png; path = TextSizeButton.png; sourceTree = "<group>"; };
		4D628955144C382A00E66BD7 /* EditSongViewController.h */ = {isa = PBXFileReference; fileEncoding = 4; lastKnownFileType = sourcecode.c.h; path = EditSongViewController.h; sourceTree = "<group>"; };
		4D628956144C382A00E66BD7 /* EditSongViewController.m */ = {isa = PBXFileReference; fileEncoding = 4; lastKnownFileType = sourcecode.c.objc; path = EditSongViewController.m; sourceTree = "<group>"; };
		4D628958144C3A8900E66BD7 /* NSManagedObject+IsNew.h */ = {isa = PBXFileReference; fileEncoding = 4; lastKnownFileType = sourcecode.c.h; path = "NSManagedObject+IsNew.h"; sourceTree = "<group>"; };
		4D628959144C3A8900E66BD7 /* NSManagedObject+IsNew.m */ = {isa = PBXFileReference; fileEncoding = 4; lastKnownFileType = sourcecode.c.objc; path = "NSManagedObject+IsNew.m"; sourceTree = "<group>"; };
		4DAB4CA4144FE10E00AD4EAF /* ArtistsViewController.h */ = {isa = PBXFileReference; fileEncoding = 4; lastKnownFileType = sourcecode.c.h; path = ArtistsViewController.h; sourceTree = "<group>"; };
		4DAB4CA5144FE10E00AD4EAF /* ArtistsViewController.m */ = {isa = PBXFileReference; fileEncoding = 4; lastKnownFileType = sourcecode.c.objc; path = ArtistsViewController.m; sourceTree = "<group>"; };
		4DB70C13144F940300C73691 /* Vox 2.xcdatamodel */ = {isa = PBXFileReference; lastKnownFileType = wrapper.xcdatamodel; path = "Vox 2.xcdatamodel"; sourceTree = "<group>"; };
		4DB70C19144FD2E700C73691 /* PlaceholderTextView.h */ = {isa = PBXFileReference; fileEncoding = 4; lastKnownFileType = sourcecode.c.h; path = PlaceholderTextView.h; sourceTree = "<group>"; };
		4DB70C1A144FD2E700C73691 /* PlaceholderTextView.m */ = {isa = PBXFileReference; fileEncoding = 4; lastKnownFileType = sourcecode.c.objc; path = PlaceholderTextView.m; sourceTree = "<group>"; };
/* End PBXFileReference section */

/* Begin PBXFrameworksBuildPhase section */
		4D628915144BD83700E66BD7 /* Frameworks */ = {
			isa = PBXFrameworksBuildPhase;
			buildActionMask = 2147483647;
			files = (
				4D62891D144BD83700E66BD7 /* UIKit.framework in Frameworks */,
				4D62891F144BD83700E66BD7 /* Foundation.framework in Frameworks */,
				4D628921144BD83700E66BD7 /* CoreGraphics.framework in Frameworks */,
				4D628923144BD83700E66BD7 /* CoreData.framework in Frameworks */,
			);
			runOnlyForDeploymentPostprocessing = 0;
		};
/* End PBXFrameworksBuildPhase section */

/* Begin PBXGroup section */
		4D62890D144BD83700E66BD7 = {
			isa = PBXGroup;
			children = (
				4D628924144BD83700E66BD7 /* Vox */,
				4D62891B144BD83700E66BD7 /* Frameworks */,
				4D628919144BD83700E66BD7 /* Products */,
			);
			sourceTree = "<group>";
		};
		4D628919144BD83700E66BD7 /* Products */ = {
			isa = PBXGroup;
			children = (
				4D628918144BD83700E66BD7 /* Vox.app */,
			);
			name = Products;
			sourceTree = "<group>";
		};
		4D62891B144BD83700E66BD7 /* Frameworks */ = {
			isa = PBXGroup;
			children = (
				4D62891C144BD83700E66BD7 /* UIKit.framework */,
				4D62891E144BD83700E66BD7 /* Foundation.framework */,
				4D628920144BD83700E66BD7 /* CoreGraphics.framework */,
				4D628922144BD83700E66BD7 /* CoreData.framework */,
			);
			name = Frameworks;
			sourceTree = "<group>";
		};
		4D628924144BD83700E66BD7 /* Vox */ = {
			isa = PBXGroup;
			children = (
				4DB70C19144FD2E700C73691 /* PlaceholderTextView.h */,
				4DB70C1A144FD2E700C73691 /* PlaceholderTextView.m */,
				4D628951144C220800E66BD7 /* AlbumPlaceholder.png */,
				4D628952144C220800E66BD7 /* TextSizeButton.png */,
				4D62892D144BD83700E66BD7 /* AppDelegate.h */,
				4D62892E144BD83700E66BD7 /* AppDelegate.m */,
				4D628930144BD83700E66BD7 /* Vox.xcdatamodeld */,
				4D628947144C114600E66BD7 /* Song.h */,
				4D628948144C114600E66BD7 /* Song.m */,
				4D628944144C114600E66BD7 /* Artist.h */,
				4D628945144C114600E66BD7 /* Artist.m */,
				4D628925144BD83700E66BD7 /* Supporting Files */,
				4D62893C144C0A1000E66BD7 /* Storyboard.storyboard */,
				4D62893E144C0AFC00E66BD7 /* SongsViewController.h */,
				4D62893F144C0AFC00E66BD7 /* SongsViewController.m */,
				4D628941144C0BA300E66BD7 /* LyricsViewController.h */,
				4D628942144C0BA300E66BD7 /* LyricsViewController.m */,
				4D62894A144C11EA00E66BD7 /* SongCell.h */,
				4D62894B144C11EA00E66BD7 /* SongCell.m */,
				4D628955144C382A00E66BD7 /* EditSongViewController.h */,
				4D628956144C382A00E66BD7 /* EditSongViewController.m */,
				4D628958144C3A8900E66BD7 /* NSManagedObject+IsNew.h */,
				4D628959144C3A8900E66BD7 /* NSManagedObject+IsNew.m */,
				4DAB4CA4144FE10E00AD4EAF /* ArtistsViewController.h */,
				4DAB4CA5144FE10E00AD4EAF /* ArtistsViewController.m */,
				4D1CB76714501A2A00F8F9F0 /* AlbumArtSearch.h */,
				4D1CB76814501A2A00F8F9F0 /* AlbumArtSearch.m */,
			);
			path = Vox;
			sourceTree = "<group>";
		};
		4D628925144BD83700E66BD7 /* Supporting Files */ = {
			isa = PBXGroup;
			children = (
				4D628926144BD83700E66BD7 /* Vox-Info.plist */,
				4D628927144BD83700E66BD7 /* InfoPlist.strings */,
				4D62892A144BD83700E66BD7 /* main.m */,
				4D62892C144BD83700E66BD7 /* Vox-Prefix.pch */,
			);
			name = "Supporting Files";
			sourceTree = "<group>";
		};
/* End PBXGroup section */

/* Begin PBXNativeTarget section */
		4D628917144BD83700E66BD7 /* Vox */ = {
			isa = PBXNativeTarget;
			buildConfigurationList = 4D628935144BD83700E66BD7 /* Build configuration list for PBXNativeTarget "Vox" */;
			buildPhases = (
				4D628914144BD83700E66BD7 /* Sources */,
				4D628915144BD83700E66BD7 /* Frameworks */,
				4D628916144BD83700E66BD7 /* Resources */,
			);
			buildRules = (
			);
			dependencies = (
			);
			name = Vox;
			productName = Vox;
			productReference = 4D628918144BD83700E66BD7 /* Vox.app */;
			productType = "com.apple.product-type.application";
		};
/* End PBXNativeTarget section */

/* Begin PBXProject section */
		4D62890F144BD83700E66BD7 /* Project object */ = {
			isa = PBXProject;
			attributes = {
				LastUpgradeCheck = 0420;
				ORGANIZATIONNAME = "Interstellar Apps";
			};
			buildConfigurationList = 4D628912144BD83700E66BD7 /* Build configuration list for PBXProject "Vox" */;
			compatibilityVersion = "Xcode 3.2";
			developmentRegion = English;
			hasScannedForEncodings = 0;
			knownRegions = (
				en,
			);
			mainGroup = 4D62890D144BD83700E66BD7;
			productRefGroup = 4D628919144BD83700E66BD7 /* Products */;
			projectDirPath = "";
			projectRoot = "";
			targets = (
				4D628917144BD83700E66BD7 /* Vox */,
			);
		};
/* End PBXProject section */

/* Begin PBXResourcesBuildPhase section */
		4D628916144BD83700E66BD7 /* Resources */ = {
			isa = PBXResourcesBuildPhase;
			buildActionMask = 2147483647;
			files = (
				4D628929144BD83700E66BD7 /* InfoPlist.strings in Resources */,
				4D62893D144C0A1000E66BD7 /* Storyboard.storyboard in Resources */,
				4D628953144C220800E66BD7 /* AlbumPlaceholder.png in Resources */,
				4D628954144C220800E66BD7 /* TextSizeButton.png in Resources */,
			);
			runOnlyForDeploymentPostprocessing = 0;
		};
/* End PBXResourcesBuildPhase section */

/* Begin PBXSourcesBuildPhase section */
		4D628914144BD83700E66BD7 /* Sources */ = {
			isa = PBXSourcesBuildPhase;
			buildActionMask = 2147483647;
			files = (
				4D62892B144BD83700E66BD7 /* main.m in Sources */,
				4D62892F144BD83700E66BD7 /* AppDelegate.m in Sources */,
				4D628932144BD83700E66BD7 /* Vox.xcdatamodeld in Sources */,
				4D628940144C0AFC00E66BD7 /* SongsViewController.m in Sources */,
				4D628943144C0BA300E66BD7 /* LyricsViewController.m in Sources */,
				4D628946144C114600E66BD7 /* Artist.m in Sources */,
				4D628949144C114600E66BD7 /* Song.m in Sources */,
				4D62894C144C11EA00E66BD7 /* SongCell.m in Sources */,
				4D628957144C382A00E66BD7 /* EditSongViewController.m in Sources */,
				4D62895A144C3A8900E66BD7 /* NSManagedObject+IsNew.m in Sources */,
				4DB70C1B144FD2E800C73691 /* PlaceholderTextView.m in Sources */,
				4DAB4CA6144FE10E00AD4EAF /* ArtistsViewController.m in Sources */,
				4D1CB76914501A2A00F8F9F0 /* AlbumArtSearch.m in Sources */,
			);
			runOnlyForDeploymentPostprocessing = 0;
		};
/* End PBXSourcesBuildPhase section */

/* Begin PBXVariantGroup section */
		4D628927144BD83700E66BD7 /* InfoPlist.strings */ = {
			isa = PBXVariantGroup;
			children = (
				4D628928144BD83700E66BD7 /* en */,
			);
			name = InfoPlist.strings;
			sourceTree = "<group>";
		};
/* End PBXVariantGroup section */

/* Begin XCBuildConfiguration section */
		4D628933144BD83700E66BD7 /* Debug */ = {
			isa = XCBuildConfiguration;
			buildSettings = {
				ALWAYS_SEARCH_USER_PATHS = NO;
				ARCHS = "$(ARCHS_STANDARD_32_BIT)";
				CLANG_ENABLE_OBJC_ARC = YES;
				"CODE_SIGN_IDENTITY[sdk=iphoneos*]" = "iPhone Developer";
				COPY_PHASE_STRIP = NO;
				GCC_C_LANGUAGE_STANDARD = gnu99;
				GCC_DYNAMIC_NO_PIC = NO;
				GCC_OPTIMIZATION_LEVEL = 0;
				GCC_PREPROCESSOR_DEFINITIONS = (
					"DEBUG=1",
					"$(inherited)",
				);
				GCC_SYMBOLS_PRIVATE_EXTERN = NO;
				GCC_VERSION = com.apple.compilers.llvm.clang.1_0;
				GCC_WARN_ABOUT_MISSING_PROTOTYPES = YES;
				GCC_WARN_ABOUT_RETURN_TYPE = YES;
				GCC_WARN_UNUSED_VARIABLE = YES;
				IPHONEOS_DEPLOYMENT_TARGET = 5.0;
				SDKROOT = iphoneos;
				TARGETED_DEVICE_FAMILY = 2;
			};
			name = Debug;
		};
		4D628934144BD83700E66BD7 /* Release */ = {
			isa = XCBuildConfiguration;
			buildSettings = {
				ALWAYS_SEARCH_USER_PATHS = NO;
				ARCHS = "$(ARCHS_STANDARD_32_BIT)";
				CLANG_ENABLE_OBJC_ARC = YES;
				"CODE_SIGN_IDENTITY[sdk=iphoneos*]" = "iPhone Developer";
				COPY_PHASE_STRIP = YES;
				GCC_C_LANGUAGE_STANDARD = gnu99;
				GCC_VERSION = com.apple.compilers.llvm.clang.1_0;
				GCC_WARN_ABOUT_MISSING_PROTOTYPES = YES;
				GCC_WARN_ABOUT_RETURN_TYPE = YES;
				GCC_WARN_UNUSED_VARIABLE = YES;
				IPHONEOS_DEPLOYMENT_TARGET = 5.0;
				OTHER_CFLAGS = "-DNS_BLOCK_ASSERTIONS=1";
				SDKROOT = iphoneos;
				TARGETED_DEVICE_FAMILY = 2;
				VALIDATE_PRODUCT = YES;
			};
			name = Release;
		};
		4D628936144BD83700E66BD7 /* Debug */ = {
			isa = XCBuildConfiguration;
			buildSettings = {
				GCC_PRECOMPILE_PREFIX_HEADER = YES;
				GCC_PREFIX_HEADER = "Vox/Vox-Prefix.pch";
				INFOPLIST_FILE = "Vox/Vox-Info.plist";
				PRODUCT_NAME = "$(TARGET_NAME)";
				WRAPPER_EXTENSION = app;
			};
			name = Debug;
		};
		4D628937144BD83700E66BD7 /* Release */ = {
			isa = XCBuildConfiguration;
			buildSettings = {
				GCC_PRECOMPILE_PREFIX_HEADER = YES;
				GCC_PREFIX_HEADER = "Vox/Vox-Prefix.pch";
				INFOPLIST_FILE = "Vox/Vox-Info.plist";
				PRODUCT_NAME = "$(TARGET_NAME)";
				WRAPPER_EXTENSION = app;
			};
			name = Release;
		};
/* End XCBuildConfiguration section */

/* Begin XCConfigurationList section */
		4D628912144BD83700E66BD7 /* Build configuration list for PBXProject "Vox" */ = {
			isa = XCConfigurationList;
			buildConfigurations = (
				4D628933144BD83700E66BD7 /* Debug */,
				4D628934144BD83700E66BD7 /* Release */,
			);
			defaultConfigurationIsVisible = 0;
			defaultConfigurationName = Release;
		};
		4D628935144BD83700E66BD7 /* Build configuration list for PBXNativeTarget "Vox" */ = {
			isa = XCConfigurationList;
			buildConfigurations = (
				4D628936144BD83700E66BD7 /* Debug */,
				4D628937144BD83700E66BD7 /* Release */,
			);
			defaultConfigurationIsVisible = 0;
			defaultConfigurationName = Release;
		};
/* End XCConfigurationList section */

/* Begin XCVersionGroup section */
		4D628930144BD83700E66BD7 /* Vox.xcdatamodeld */ = {
			isa = XCVersionGroup;
			children = (
				4DB70C13144F940300C73691 /* Vox 2.xcdatamodel */,
				4D628931144BD83700E66BD7 /* Vox.xcdatamodel */,
			);
			currentVersion = 4DB70C13144F940300C73691 /* Vox 2.xcdatamodel */;
			path = Vox.xcdatamodeld;
			sourceTree = "<group>";
			versionGroupType = wrapper.xcdatamodel;
		};
/* End XCVersionGroup section */
	};
	rootObject = 4D62890F144BD83700E66BD7 /* Project object */;
}
